
Microsoft Visual Studio Solution File, Format Version 12.00
# Visual Studio Version 17
VisualStudioVersion = 17.0.31903.59
MinimumVisualStudioVersion = 10.0.40219.1
Project("{2150E333-8FDC-42A3-9474-1A3956D46DE8}") = "src", "src", "{827E0CD3-B72D-47B6-A68D-7590B98EB39B}"
EndProject
Project("{FAE04EC0-301F-11D3-BF4B-00C04F79EFBC}") = "Shared", "src\Shared\Shared.csproj", "{0ECBE94F-A7F3-409E-B9C0-95F880571C7C}"
EndProject
Project("{FAE04EC0-301F-11D3-BF4B-00C04F79EFBC}") = "WaterDataService", "src\WaterDataService\WaterDataService.csproj", "{5C674F95-6B83-4128-8D68-CEC8E6431D19}"
EndProject
Project("{FAE04EC0-301F-11D3-BF4B-00C04F79EFBC}") = "AlertService", "src\AlertService\AlertService.csproj", "{35C448A5-0D9B-4015-868C-BCB8546CDC5E}"
EndProject
Project("{FAE04EC0-301F-11D3-BF4B-00C04F79EFBC}") = "ApiGateway", "src\ApiGateway\ApiGateway.csproj", "{54BFECC5-84FB-40CB-A2F4-6670EF10D4CA}"
EndProject
Project("{FAE04EC0-301F-11D3-BF4B-00C04F79EFBC}") = "WaterDataService.Tests", "tests\WaterDataService.Tests\WaterDataService.Tests.csproj", "{BFB97F8F-4666-43F9-B4C5-D826696F3C62}"
EndProject
Project("{FAE04EC0-301F-11D3-BF4B-00C04F79EFBC}") = "AlertService.Tests", "tests\AlertService.Tests\AlertService.Tests.csproj", "{39AFD031-A303-4BB6-AACB-9331C4EE1426}"
EndProject
Global
	GlobalSection(SolutionConfigurationPlatforms) = preSolution
		Debug|Any CPU = Debug|Any CPU
		Debug|x64 = Debug|x64
		Debug|x86 = Debug|x86
		Release|Any CPU = Release|Any CPU
		Release|x64 = Release|x64
		Release|x86 = Release|x86
	EndGlobalSection
	GlobalSection(ProjectConfigurationPlatforms) = postSolution
		{0ECBE94F-A7F3-409E-B9C0-95F880571C7C}.Debug|Any CPU.ActiveCfg = Debug|Any CPU
		{0ECBE94F-A7F3-409E-B9C0-95F880571C7C}.Debug|Any CPU.Build.0 = Debug|Any CPU
		{0ECBE94F-A7F3-409E-B9C0-95F880571C7C}.Debug|x64.ActiveCfg = Debug|Any CPU
		{0ECBE94F-A7F3-409E-B9C0-95F880571C7C}.Debug|x64.Build.0 = Debug|Any CPU
		{0ECBE94F-A7F3-409E-B9C0-95F880571C7C}.Debug|x86.ActiveCfg = Debug|Any CPU
		{0ECBE94F-A7F3-409E-B9C0-95F880571C7C}.Debug|x86.Build.0 = Debug|Any CPU
		{0ECBE94F-A7F3-409E-B9C0-95F880571C7C}.Release|Any CPU.ActiveCfg = Release|Any CPU
		{0ECBE94F-A7F3-409E-B9C0-95F880571C7C}.Release|Any CPU.Build.0 = Release|Any CPU
		{0ECBE94F-A7F3-409E-B9C0-95F880571C7C}.Release|x64.ActiveCfg = Release|Any CPU
		{0ECBE94F-A7F3-409E-B9C0-95F880571C7C}.Release|x64.Build.0 = Release|Any CPU
		{0ECBE94F-A7F3-409E-B9C0-95F880571C7C}.Release|x86.ActiveCfg = Release|Any CPU
		{0ECBE94F-A7F3-409E-B9C0-95F880571C7C}.Release|x86.Build.0 = Release|Any CPU
		{5C674F95-6B83-4128-8D68-CEC8E6431D19}.Debug|Any CPU.ActiveCfg = Debug|Any CPU
		{5C674F95-6B83-4128-8D68-CEC8E6431D19}.Debug|Any CPU.Build.0 = Debug|Any CPU
		{5C674F95-6B83-4128-8D68-CEC8E6431D19}.Debug|x64.ActiveCfg = Debug|Any CPU
		{5C674F95-6B83-4128-8D68-CEC8E6431D19}.Debug|x64.Build.0 = Debug|Any CPU
		{5C674F95-6B83-4128-8D68-CEC8E6431D19}.Debug|x86.ActiveCfg = Debug|Any CPU
		{5C674F95-6B83-4128-8D68-CEC8E6431D19}.Debug|x86.Build.0 = Debug|Any CPU
		{5C674F95-6B83-4128-8D68-CEC8E6431D19}.Release|Any CPU.ActiveCfg = Release|Any CPU
		{5C674F95-6B83-4128-8D68-CEC8E6431D19}.Release|Any CPU.Build.0 = Release|Any CPU
		{5C674F95-6B83-4128-8D68-CEC8E6431D19}.Release|x64.ActiveCfg = Release|Any CPU
		{5C674F95-6B83-4128-8D68-CEC8E6431D19}.Release|x64.Build.0 = Release|Any CPU
		{5C674F95-6B83-4128-8D68-CEC8E6431D19}.Release|x86.ActiveCfg = Release|Any CPU
		{5C674F95-6B83-4128-8D68-CEC8E6431D19}.Release|x86.Build.0 = Release|Any CPU
		{35C448A5-0D9B-4015-868C-BCB8546CDC5E}.Debug|Any CPU.ActiveCfg = Debug|Any CPU
		{35C448A5-0D9B-4015-868C-BCB8546CDC5E}.Debug|Any CPU.Build.0 = Debug|Any CPU
		{35C448A5-0D9B-4015-868C-BCB8546CDC5E}.Debug|x64.ActiveCfg = Debug|Any CPU
		{35C448A5-0D9B-4015-868C-BCB8546CDC5E}.Debug|x64.Build.0 = Debug|Any CPU
		{35C448A5-0D9B-4015-868C-BCB8546CDC5E}.Debug|x86.ActiveCfg = Debug|Any CPU
		{35C448A5-0D9B-4015-868C-BCB8546CDC5E}.Debug|x86.Build.0 = Debug|Any CPU
		{35C448A5-0D9B-4015-868C-BCB8546CDC5E}.Release|Any CPU.ActiveCfg = Release|Any CPU
		{35C448A5-0D9B-4015-868C-BCB8546CDC5E}.Release|Any CPU.Build.0 = Release|Any CPU
		{35C448A5-0D9B-4015-868C-BCB8546CDC5E}.Release|x64.ActiveCfg = Release|Any CPU
		{35C448A5-0D9B-4015-868C-BCB8546CDC5E}.Release|x64.Build.0 = Release|Any CPU
		{35C448A5-0D9B-4015-868C-BCB8546CDC5E}.Release|x86.ActiveCfg = Release|Any CPU
		{35C448A5-0D9B-4015-868C-BCB8546CDC5E}.Release|x86.Build.0 = Release|Any CPU
		{54BFECC5-84FB-40CB-A2F4-6670EF10D4CA}.Debug|Any CPU.ActiveCfg = Debug|Any CPU
		{54BFECC5-84FB-40CB-A2F4-6670EF10D4CA}.Debug|Any CPU.Build.0 = Debug|Any CPU
		{54BFECC5-84FB-40CB-A2F4-6670EF10D4CA}.Debug|x64.ActiveCfg = Debug|Any CPU
		{54BFECC5-84FB-40CB-A2F4-6670EF10D4CA}.Debug|x64.Build.0 = Debug|Any CPU
		{54BFECC5-84FB-40CB-A2F4-6670EF10D4CA}.Debug|x86.ActiveCfg = Debug|Any CPU
		{54BFECC5-84FB-40CB-A2F4-6670EF10D4CA}.Debug|x86.Build.0 = Debug|Any CPU
		{54BFECC5-84FB-40CB-A2F4-6670EF10D4CA}.Release|Any CPU.ActiveCfg = Release|Any CPU
		{54BFECC5-84FB-40CB-A2F4-6670EF10D4CA}.Release|Any CPU.Build.0 = Release|Any CPU
		{54BFECC5-84FB-40CB-A2F4-6670EF10D4CA}.Release|x64.ActiveCfg = Release|Any CPU
		{54BFECC5-84FB-40CB-A2F4-6670EF10D4CA}.Release|x64.Build.0 = Release|Any CPU
		{54BFECC5-84FB-40CB-A2F4-6670EF10D4CA}.Release|x86.ActiveCfg = Release|Any CPU
		{54BFECC5-84FB-40CB-A2F4-6670EF10D4CA}.Release|x86.Build.0 = Release|Any CPU
		{BFB97F8F-4666-43F9-B4C5-D826696F3C62}.Debug|Any CPU.ActiveCfg = Debug|Any CPU
		{BFB97F8F-4666-43F9-B4C5-D826696F3C62}.Debug|Any CPU.Build.0 = Debug|Any CPU
		{BFB97F8F-4666-43F9-B4C5-D826696F3C62}.Debug|x64.ActiveCfg = Debug|Any CPU
		{BFB97F8F-4666-43F9-B4C5-D826696F3C62}.Debug|x64.Build.0 = Debug|Any CPU
		{BFB97F8F-4666-43F9-B4C5-D826696F3C62}.Debug|x86.ActiveCfg = Debug|Any CPU
		{BFB97F8F-4666-43F9-B4C5-D826696F3C62}.Debug|x86.Build.0 = Debug|Any CPU
		{BFB97F8F-4666-43F9-B4C5-D826696F3C62}.Release|Any CPU.ActiveCfg = Release|Any CPU
		{BFB97F8F-4666-43F9-B4C5-D826696F3C62}.Release|Any CPU.Build.0 = Release|Any CPU
		{BFB97F8F-4666-43F9-B4C5-D826696F3C62}.Release|x64.ActiveCfg = Release|Any CPU
		{BFB97F8F-4666-43F9-B4C5-D826696F3C62}.Release|x64.Build.0 = Release|Any CPU
		{BFB97F8F-4666-43F9-B4C5-D826696F3C62}.Release|x86.ActiveCfg = Release|Any CPU
		{BFB97F8F-4666-43F9-B4C5-D826696F3C62}.Release|x86.Build.0 = Release|Any CPU
		{39AFD031-A303-4BB6-AACB-9331C4EE1426}.Debug|Any CPU.ActiveCfg = Debug|Any CPU
		{39AFD031-A303-4BB6-AACB-9331C4EE1426}.Debug|Any CPU.Build.0 = Debug|Any CPU
		{39AFD031-A303-4BB6-AACB-9331C4EE1426}.Debug|x64.ActiveCfg = Debug|Any CPU
		{39AFD031-A303-4BB6-AACB-9331C4EE1426}.Debug|x64.Build.0 = Debug|Any CPU
		{39AFD031-A303-4BB6-AACB-9331C4EE1426}.Debug|x86.ActiveCfg = Debug|Any CPU
		{39AFD031-A303-4BB6-AACB-9331C4EE1426}.Debug|x86.Build.0 = Debug|Any CPU
		{39AFD031-A303-4BB6-AACB-9331C4EE1426}.Release|Any CPU.ActiveCfg = Release|Any CPU
		{39AFD031-A303-4BB6-AACB-9331C4EE1426}.Release|Any CPU.Build.0 = Release|Any CPU
		{39AFD031-A303-4BB6-AACB-9331C4EE1426}.Release|x64.ActiveCfg = Release|Any CPU
		{39AFD031-A303-4BB6-AACB-9331C4EE1426}.Release|x64.Build.0 = Release|Any CPU
		{39AFD031-A303-4BB6-AACB-9331C4EE1426}.Release|x86.ActiveCfg = Release|Any CPU
		{39AFD031-A303-4BB6-AACB-9331C4EE1426}.Release|x86.Build.0 = Release|Any CPU
	EndGlobalSection
	GlobalSection(SolutionProperties) = preSolution
		HideSolutionNode = FALSE
	EndGlobalSection
	GlobalSection(NestedProjects) = preSolution
		{0ECBE94F-A7F3-409E-B9C0-95F880571C7C} = {827E0CD3-B72D-47B6-A68D-7590B98EB39B}
		{5C674F95-6B83-4128-8D68-CEC8E6431D19} = {827E0CD3-B72D-47B6-A68D-7590B98EB39B}
		{35C448A5-0D9B-4015-868C-BCB8546CDC5E} = {827E0CD3-B72D-47B6-A68D-7590B98EB39B}
		{54BFECC5-84FB-40CB-A2F4-6670EF10D4CA} = {827E0CD3-B72D-47B6-A68D-7590B98EB39B}
		{BFB97F8F-4666-43F9-B4C5-D826696F3C62} = {827E0CD3-B72D-47B6-A68D-7590B98EB39B}
		{39AFD031-A303-4BB6-AACB-9331C4EE1426} = {827E0CD3-B72D-47B6-A68D-7590B98EB39B}
	EndGlobalSection
EndGlobal
